
Microsoft Visual Studio Solution File, Format Version 12.00
# Visual Studio Version 16
VisualStudioVersion = 16.0.30011.22
MinimumVisualStudioVersion = 10.0.40219.1
Project("{9A19103F-16F7-4668-BE54-9A1E7A4F7556}") = "App", "App\App.csproj", "{DA1E8A35-BEEA-4B09-A9AB-7EE8DAE4EDD0}"
EndProject
Project("{9A19103F-16F7-4668-BE54-9A1E7A4F7556}") = "App.Database", "App.Database\App.Database.csproj", "{FEDE2F65-6189-4953-9E38-A1BFBEA871F4}"
EndProject
Project("{2150E333-8FDC-42A3-9474-1A3956D46DE8}") = "Solution Items", "Solution Items", "{A675EB3A-6814-4FFF-BBF7-EEC3C8BFC3F4}"
	ProjectSection(SolutionItems) = preProject
		.editorconfig = .editorconfig
	EndProjectSection
EndProject
Global
	GlobalSection(SolutionConfigurationPlatforms) = preSolution
		Debug|Any CPU = Debug|Any CPU
		Release|Any CPU = Release|Any CPU
	EndGlobalSection
	GlobalSection(ProjectConfigurationPlatforms) = postSolution
		{DA1E8A35-BEEA-4B09-A9AB-7EE8DAE4EDD0}.Debug|Any CPU.ActiveCfg = Debug|Any CPU
		{DA1E8A35-BEEA-4B09-A9AB-7EE8DAE4EDD0}.Debug|Any CPU.Build.0 = Debug|Any CPU
		{DA1E8A35-BEEA-4B09-A9AB-7EE8DAE4EDD0}.Release|Any CPU.ActiveCfg = Release|Any CPU
		{DA1E8A35-BEEA-4B09-A9AB-7EE8DAE4EDD0}.Release|Any CPU.Build.0 = Release|Any CPU
		{FEDE2F65-6189-4953-9E38-A1BFBEA871F4}.Debug|Any CPU.ActiveCfg = Debug|Any CPU
		{FEDE2F65-6189-4953-9E38-A1BFBEA871F4}.Debug|Any CPU.Build.0 = Debug|Any CPU
		{FEDE2F65-6189-4953-9E38-A1BFBEA871F4}.Release|Any CPU.ActiveCfg = Release|Any CPU
		{FEDE2F65-6189-4953-9E38-A1BFBEA871F4}.Release|Any CPU.Build.0 = Release|Any CPU
	EndGlobalSection
	GlobalSection(SolutionProperties) = preSolution
		HideSolutionNode = FALSE
	EndGlobalSection
	GlobalSection(ExtensibilityGlobals) = postSolution
		SolutionGuid = {7D42FDA3-9E45-4872-A850-050934333E61}
	EndGlobalSection
EndGlobal
