{
  "name": "App",
  "version": "1.0.0",
  "lockfileVersion": 1,
  "requires": true,
  "dependencies": {
    "spectre.css": {
      "version": "0.5.9",
      "resolved": "https://registry.npmjs.org/spectre.css/-/spectre.css-0.5.9.tgz",
      "integrity": "sha512-9jUqwZmCnvflrxFGcK+ize43TvjwDjqMwZPVubEtSIHzvinH0TBUESm1LcOJx3Ur7bdPaeOHQIjOqBl1Y5kLFw=="
    },
    "split-grid": {
      "version": "1.0.9",
      "resolved": "https://registry.npmjs.org/split-grid/-/split-grid-1.0.9.tgz",
      "integrity": "sha512-D7Tgibf7ksIEZKxmAKbXb7kKFANcXRj9j2VgM097KIr146zMXErt9MIHQeEiRxL+HM7WwkJdDyPTxDDsSVUSBA=="
    },
    "viewport-resizer": {
      "version": "0.1.2",
      "resolved": "https://registry.npmjs.org/viewport-resizer/-/viewport-resizer-0.1.2.tgz",
      "integrity": "sha1-j+cGP9ZCrjnNztKqpL7SosGfFU8="
    }
  }
}
