{
  "name": "App",
  "version": "1.0.0",
  "lockfileVersion": 1,
  "requires": true,
  "dependencies": {
    "@yaireo/dragsort": {
      "version": "1.0.8",
      "resolved": "https://registry.npmjs.org/@yaireo/dragsort/-/dragsort-1.0.8.tgz",
      "integrity": "sha512-YL9dgA34u6wBq1L86S0ZOp960KU+wN1Tk0mFIfja4piDhTTZz4g4MM3G/fJFFX8VXZVGnGSNaG4aFApx70YU8g=="
    },
    "@yaireo/tagify": {
      "version": "3.21.5",
      "resolved": "https://registry.npmjs.org/@yaireo/tagify/-/tagify-3.21.5.tgz",
      "integrity": "sha512-3XjcTKhp25+HrhQdmo0O53bCDlnTNb0Lq8rfn7UmPgcfYd3Nkf3Kwt7qY58aAtKT38mr+W7PfKg14vuLozx1dQ=="
    },
    "animate.css": {
      "version": "4.1.1",
      "resolved": "https://registry.npmjs.org/animate.css/-/animate.css-4.1.1.tgz",
      "integrity": "sha512-+mRmCTv6SbCmtYJCN4faJMNFVNN5EuCTTprDTAo7YzIGji2KADmakjVA3+8mVDkZ2Bf09vayB35lSQIex2+QaQ=="
    },
    "codemirror": {
      "version": "5.59.0",
      "resolved": "https://registry.npmjs.org/codemirror/-/codemirror-5.59.0.tgz",
      "integrity": "sha512-UGzSkCacY9z0rSpQ3wnTWRN2nvRE6foDXnJltWW8pazInR/R+3gXHrao4IFQMv/bSBvFBxt8/HPpkpKAS54x5Q=="
    },
    "egalink-toasty.js": {
      "version": "1.5.5",
      "resolved": "https://registry.npmjs.org/egalink-toasty.js/-/egalink-toasty.js-1.5.5.tgz",
      "integrity": "sha512-Ds24PRUXvUEPbFoZ4D0hcSIq5/ju37gXCv7oEIN3O6uRqpeEmzuHiZvXiEABlihMQmrFMC6M2aWgOly8fKO+/g=="
    },
    "jquery": {
      "version": "3.5.1",
      "resolved": "https://registry.npmjs.org/jquery/-/jquery-3.5.1.tgz",
      "integrity": "sha512-XwIBPqcMn57FxfT+Go5pzySnm4KWkT1Tv7gjrpT1srtf8Weynl6R273VJ5GjkRb51IzMp5nbaPjJXMWeju2MKg=="
    },
    "jquery-validation": {
      "version": "1.19.3",
      "resolved": "https://registry.npmjs.org/jquery-validation/-/jquery-validation-1.19.3.tgz",
      "integrity": "sha512-iXxCS5W7STthSTMFX/NDZfWHBLbJ1behVK3eAgHXAV8/0vRa9M4tiqHvJMr39VGWHMGdlkhrtrkBuaL2UlE8yw=="
    },
    "jquery-validation-unobtrusive": {
      "version": "3.2.11",
      "resolved": "https://registry.npmjs.org/jquery-validation-unobtrusive/-/jquery-validation-unobtrusive-3.2.11.tgz",
      "integrity": "sha512-3FQPllaWdD+Aq55zJLGSW39+eXPDz1HhwAvrSwYi8zHQ8DVcu5IJ1HVeTiCl0BnCnrIBvfFU3zEB/DrGdcoRIQ==",
      "requires": {
        "jquery": ">=1.8",
        "jquery-validation": ">=1.16"
      }
    },
    "spectre.css": {
      "version": "0.5.9",
      "resolved": "https://registry.npmjs.org/spectre.css/-/spectre.css-0.5.9.tgz",
      "integrity": "sha512-9jUqwZmCnvflrxFGcK+ize43TvjwDjqMwZPVubEtSIHzvinH0TBUESm1LcOJx3Ur7bdPaeOHQIjOqBl1Y5kLFw=="
    },
    "split-grid": {
      "version": "1.0.9",
      "resolved": "https://registry.npmjs.org/split-grid/-/split-grid-1.0.9.tgz",
      "integrity": "sha512-D7Tgibf7ksIEZKxmAKbXb7kKFANcXRj9j2VgM097KIr146zMXErt9MIHQeEiRxL+HM7WwkJdDyPTxDDsSVUSBA=="
    },
    "viewport-resizer": {
      "version": "0.1.2",
      "resolved": "https://registry.npmjs.org/viewport-resizer/-/viewport-resizer-0.1.2.tgz",
      "integrity": "sha1-j+cGP9ZCrjnNztKqpL7SosGfFU8="
    }
  }
}
